<Solution>
  <Configurations>
    <BuildType Name="Debug" />
    <BuildType Name="Release" />
    <BuildType Name="ReleaseExe" />
    <Platform Name="x64" />
    <Platform Name="x86" />
  </Configurations>
  <Project Path="TablacusCore.vcxproj" Id="0ca2b085-791d-4aef-a6af-aea4899d40dc" />
</Solution>
